
Microsoft Visual Studio Solution File, Format Version 12.00
# Visual Studio Version 17
VisualStudioVersion = 17.14.36623.8 d17.14
MinimumVisualStudioVersion = 10.0.40219.1
Project("{FAE04EC0-301F-11D3-BF4B-00C04F79EFBC}") = "dpp4cli", "dpp4cli.csproj", "{69701916-FA25-D44C-BE45-4D7B3E0ED3B7}"
EndProject
Global
	GlobalSection(SolutionConfigurationPlatforms) = preSolution
		Debug|x64 = Debug|x64
		Release|x64 = Release|x64
	EndGlobalSection
	GlobalSection(ProjectConfigurationPlatforms) = postSolution
		{69701916-FA25-D44C-BE45-4D7B3E0ED3B7}.Debug|x64.ActiveCfg = Debug|x64
		{69701916-FA25-D44C-BE45-4D7B3E0ED3B7}.Debug|x64.Build.0 = Debug|x64
		{69701916-FA25-D44C-BE45-4D7B3E0ED3B7}.Release|x64.ActiveCfg = Release|x64
		{69701916-FA25-D44C-BE45-4D7B3E0ED3B7}.Release|x64.Build.0 = Release|x64
	EndGlobalSection
	GlobalSection(SolutionProperties) = preSolution
		HideSolutionNode = FALSE
	EndGlobalSection
	GlobalSection(ExtensibilityGlobals) = postSolution
		SolutionGuid = {22F9E4A4-D82B-4B4B-93DC-CB85838B639F}
	EndGlobalSection
EndGlobal
